
Microsoft Visual Studio Solution File, Format Version 12.00
# Visual Studio Version 17
VisualStudioVersion = 17.1.32210.238
MinimumVisualStudioVersion = 10.0.40219.1
Project("{FAE04EC0-301F-11D3-BF4B-00C04F79EFBC}") = "insertion", "insertion.csproj", "{5CCFF849-1C03-4E87-8F83-EDD269CCB2B4}"
EndProject
Global
	GlobalSection(SolutionConfigurationPlatforms) = preSolution
		Debug|Any CPU = Debug|Any CPU
		Release|Any CPU = Release|Any CPU
	EndGlobalSection
	GlobalSection(ProjectConfigurationPlatforms) = postSolution
		{5CCFF849-1C03-4E87-8F83-EDD269CCB2B4}.Debug|Any CPU.ActiveCfg = Debug|Any CPU
		{5CCFF849-1C03-4E87-8F83-EDD269CCB2B4}.Debug|Any CPU.Build.0 = Debug|Any CPU
		{5CCFF849-1C03-4E87-8F83-EDD269CCB2B4}.Release|Any CPU.ActiveCfg = Release|Any CPU
		{5CCFF849-1C03-4E87-8F83-EDD269CCB2B4}.Release|Any CPU.Build.0 = Release|Any CPU
	EndGlobalSection
	GlobalSection(SolutionProperties) = preSolution
		HideSolutionNode = FALSE
	EndGlobalSection
	GlobalSection(ExtensibilityGlobals) = postSolution
		SolutionGuid = {018D751C-8436-4033-8639-749F5D3483C5}
	EndGlobalSection
EndGlobal
