
Microsoft Visual Studio Solution File, Format Version 12.00
# Visual Studio Version 17
VisualStudioVersion = 17.1.32210.238
MinimumVisualStudioVersion = 10.0.40219.1
Project("{FAE04EC0-301F-11D3-BF4B-00C04F79EFBC}") = "bubblesort", "bubblesort.csproj", "{7326E482-AC1D-45D9-97C2-5DDD45C9ED3C}"
EndProject
Global
	GlobalSection(SolutionConfigurationPlatforms) = preSolution
		Debug|Any CPU = Debug|Any CPU
		Release|Any CPU = Release|Any CPU
	EndGlobalSection
	GlobalSection(ProjectConfigurationPlatforms) = postSolution
		{7326E482-AC1D-45D9-97C2-5DDD45C9ED3C}.Debug|Any CPU.ActiveCfg = Debug|Any CPU
		{7326E482-AC1D-45D9-97C2-5DDD45C9ED3C}.Debug|Any CPU.Build.0 = Debug|Any CPU
		{7326E482-AC1D-45D9-97C2-5DDD45C9ED3C}.Release|Any CPU.ActiveCfg = Release|Any CPU
		{7326E482-AC1D-45D9-97C2-5DDD45C9ED3C}.Release|Any CPU.Build.0 = Release|Any CPU
	EndGlobalSection
	GlobalSection(SolutionProperties) = preSolution
		HideSolutionNode = FALSE
	EndGlobalSection
	GlobalSection(ExtensibilityGlobals) = postSolution
		SolutionGuid = {55C93375-04A1-4871-A430-35CDA490B0FC}
	EndGlobalSection
EndGlobal
